// !$*UTF8*$!
{
	archiveVersion = 1;
	classes = {
	};
	objectVersion = 56;
	objects = {

/* Begin PBXBuildFile section */
		0B0C45F99DEF64E2F22156FD /* Pods_SmartMoney.framework in Frameworks */ = {isa = PBXBuildFile; fileRef = 61BED6BA372557F35B6C2A2E /* Pods_SmartMoney.framework */; };
		0F18C37B2A97E782005B281A /* UserViewModel.swift in Sources */ = {isa = PBXBuildFile; fileRef = 0F18C37A2A97E782005B281A /* UserViewModel.swift */; };
		0F18C37D2A97ED3D005B281A /* UITextField + Extension.swift in Sources */ = {isa = PBXBuildFile; fileRef = 0F18C37C2A97ED3D005B281A /* UITextField + Extension.swift */; };
		0F3064182AA1368200F05B0B /* Pacifico.ttf in Resources */ = {isa = PBXBuildFile; fileRef = 0F3064172AA1368200F05B0B /* Pacifico.ttf */; };
		0F30641C2AA13F4B00F05B0B /* RegisterViewDelegate.swift in Sources */ = {isa = PBXBuildFile; fileRef = 0F30641B2AA13F4B00F05B0B /* RegisterViewDelegate.swift */; };
		0F4D16472AA018590050F4F1 /* LoadingView.swift in Sources */ = {isa = PBXBuildFile; fileRef = 0F4D16462AA018590050F4F1 /* LoadingView.swift */; };
		0F4D16492AA018730050F4F1 /* LoadingViewController.swift in Sources */ = {isa = PBXBuildFile; fileRef = 0F4D16482AA018730050F4F1 /* LoadingViewController.swift */; };
		0F4D164E2AA01BFF0050F4F1 /* UIImage + Extension.swift in Sources */ = {isa = PBXBuildFile; fileRef = 0F4D164D2AA01BFF0050F4F1 /* UIImage + Extension.swift */; };
		0F4D16562AA024DF0050F4F1 /* SmartMoney.gif in Resources */ = {isa = PBXBuildFile; fileRef = 0F4D16552AA024DF0050F4F1 /* SmartMoney.gif */; };
		0F8CD2442A3F7391000B325E /* AppDelegate.swift in Sources */ = {isa = PBXBuildFile; fileRef = 0F8CD2432A3F7391000B325E /* AppDelegate.swift */; };
		0F8CD2462A3F7391000B325E /* SceneDelegate.swift in Sources */ = {isa = PBXBuildFile; fileRef = 0F8CD2452A3F7391000B325E /* SceneDelegate.swift */; };
		0F8CD24E2A3F7391000B325E /* SmartMoney.xcdatamodeld in Sources */ = {isa = PBXBuildFile; fileRef = 0F8CD24C2A3F7391000B325E /* SmartMoney.xcdatamodeld */; };
		0F8CD2502A3F7393000B325E /* Assets.xcassets in Resources */ = {isa = PBXBuildFile; fileRef = 0F8CD24F2A3F7393000B325E /* Assets.xcassets */; };
		0F8CD26F2A3F7F4F000B325E /* Coordinator.swift in Sources */ = {isa = PBXBuildFile; fileRef = 0F8CD26E2A3F7F4F000B325E /* Coordinator.swift */; };
		0F8CD2722A3F7FAD000B325E /* LoginCoordinator.swift in Sources */ = {isa = PBXBuildFile; fileRef = 0F8CD2712A3F7FAD000B325E /* LoginCoordinator.swift */; };
		0F8CD2742A3F803F000B325E /* LoginViewController.swift in Sources */ = {isa = PBXBuildFile; fileRef = 0F8CD2732A3F803F000B325E /* LoginViewController.swift */; };
		0F8CD2762A3F806E000B325E /* LoginViewModel.swift in Sources */ = {isa = PBXBuildFile; fileRef = 0F8CD2752A3F806E000B325E /* LoginViewModel.swift */; };
		0F8CD2792A3F83E2000B325E /* UIColor + Extension.swift in Sources */ = {isa = PBXBuildFile; fileRef = 0F8CD2782A3F83E2000B325E /* UIColor + Extension.swift */; };
		0F96372E2A43BB7D009B256A /* OpenSans_Condensed-Regular.ttf in Resources */ = {isa = PBXBuildFile; fileRef = 0F96372D2A43BB7D009B256A /* OpenSans_Condensed-Regular.ttf */; };
		0F9637322A43BB8B009B256A /* OpenSans_Condensed-SemiBold.ttf in Resources */ = {isa = PBXBuildFile; fileRef = 0F96372F2A43BB8A009B256A /* OpenSans_Condensed-SemiBold.ttf */; };
		0F9637332A43BB8B009B256A /* OpenSans_SemiCondensed-Light.ttf in Resources */ = {isa = PBXBuildFile; fileRef = 0F9637302A43BB8B009B256A /* OpenSans_SemiCondensed-Light.ttf */; };
		0F9637342A43BB8B009B256A /* OpenSans_Condensed-Medium.ttf in Resources */ = {isa = PBXBuildFile; fileRef = 0F9637312A43BB8B009B256A /* OpenSans_Condensed-Medium.ttf */; };
		0F9637362A43BC0F009B256A /* UIFont + Extension.swift in Sources */ = {isa = PBXBuildFile; fileRef = 0F9637352A43BC0F009B256A /* UIFont + Extension.swift */; };
		0FACA52C2AE9757600589041 /* EndPoint.swift in Sources */ = {isa = PBXBuildFile; fileRef = 0FACA52B2AE9757600589041 /* EndPoint.swift */; };
		0FACA52F2AE97CE900589041 /* HomeService.swift in Sources */ = {isa = PBXBuildFile; fileRef = 0FACA52E2AE97CE900589041 /* HomeService.swift */; };
		0FACA5312AE97F9800589041 /* RequestBuilder.swift in Sources */ = {isa = PBXBuildFile; fileRef = 0FACA5302AE97F9800589041 /* RequestBuilder.swift */; };
		0FAE6EE62AE9C81A0058D7EA /* DefaultRequestBuilder.swift in Sources */ = {isa = PBXBuildFile; fileRef = 0FAE6EE52AE9C81A0058D7EA /* DefaultRequestBuilder.swift */; };
		0FAE6EE82AE9D9B60058D7EA /* Parameters.swift in Sources */ = {isa = PBXBuildFile; fileRef = 0FAE6EE72AE9D9B60058D7EA /* Parameters.swift */; };
		0FAE6EEA2AE9FA830058D7EA /* NetworkLogger.swift in Sources */ = {isa = PBXBuildFile; fileRef = 0FAE6EE92AE9FA830058D7EA /* NetworkLogger.swift */; };
		0FB755E52ABB50FA00E4DF3E /* InsertExpenseView.swift in Sources */ = {isa = PBXBuildFile; fileRef = 0FB755E42ABB50FA00E4DF3E /* InsertExpenseView.swift */; };
		0FB755E72ABB516700E4DF3E /* InsertExpenseViewController.swift in Sources */ = {isa = PBXBuildFile; fileRef = 0FB755E62ABB516700E4DF3E /* InsertExpenseViewController.swift */; };
		0FBCEE062AE892CD0045F279 /* ServiceManager.swift in Sources */ = {isa = PBXBuildFile; fileRef = 0FBCEE052AE892CD0045F279 /* ServiceManager.swift */; };
		0FBCEE082AE894730045F279 /* HTTPMethod.swift in Sources */ = {isa = PBXBuildFile; fileRef = 0FBCEE072AE894730045F279 /* HTTPMethod.swift */; };
		0FBCEE0A2AE895120045F279 /* NetworkError.swift in Sources */ = {isa = PBXBuildFile; fileRef = 0FBCEE092AE895120045F279 /* NetworkError.swift */; };
		0FBCEE0C2AE898800045F279 /* NetworkLayer.swift in Sources */ = {isa = PBXBuildFile; fileRef = 0FBCEE0B2AE898800045F279 /* NetworkLayer.swift */; };
		0FBCEE0F2AE8A7400045F279 /* SaldoResponse.swift in Sources */ = {isa = PBXBuildFile; fileRef = 0FBCEE0E2AE8A7400045F279 /* SaldoResponse.swift */; };
		0FBCEE112AE8A9640045F279 /* SaldoRequest.swift in Sources */ = {isa = PBXBuildFile; fileRef = 0FBCEE102AE8A9640045F279 /* SaldoRequest.swift */; };
		0FDC92532A40ACAE000A4CF8 /* UserModel.swift in Sources */ = {isa = PBXBuildFile; fileRef = 0FDC92522A40ACAE000A4CF8 /* UserModel.swift */; };
		0FDC92572A40B51C000A4CF8 /* HomeViewController.swift in Sources */ = {isa = PBXBuildFile; fileRef = 0FDC92562A40B51C000A4CF8 /* HomeViewController.swift */; };
		0FDC92592A40B538000A4CF8 /* HomeViewCoordinator.swift in Sources */ = {isa = PBXBuildFile; fileRef = 0FDC92582A40B538000A4CF8 /* HomeViewCoordinator.swift */; };
		0FDC925B2A40B54A000A4CF8 /* HomeViewModel.swift in Sources */ = {isa = PBXBuildFile; fileRef = 0FDC925A2A40B54A000A4CF8 /* HomeViewModel.swift */; };
		0FDC925D2A40B6A8000A4CF8 /* UIViewController + Extension.swift in Sources */ = {isa = PBXBuildFile; fileRef = 0FDC925C2A40B6A8000A4CF8 /* UIViewController + Extension.swift */; };
		0FDC925F2A40B74A000A4CF8 /* GoogleService-Info.plist in Resources */ = {isa = PBXBuildFile; fileRef = 0FDC925E2A40B74A000A4CF8 /* GoogleService-Info.plist */; };
		0FDC92622A40B8E9000A4CF8 /* RegisterCoordinator.swift in Sources */ = {isa = PBXBuildFile; fileRef = 0FDC92612A40B8E9000A4CF8 /* RegisterCoordinator.swift */; };
		0FDC92642A40B8FC000A4CF8 /* RegisterViewController.swift in Sources */ = {isa = PBXBuildFile; fileRef = 0FDC92632A40B8FC000A4CF8 /* RegisterViewController.swift */; };
		0FDC92662A40B90A000A4CF8 /* RegisterViewModel.swift in Sources */ = {isa = PBXBuildFile; fileRef = 0FDC92652A40B90A000A4CF8 /* RegisterViewModel.swift */; };
/* End PBXBuildFile section */

/* Begin PBXFileReference section */
		0F18C37A2A97E782005B281A /* UserViewModel.swift */ = {isa = PBXFileReference; lastKnownFileType = sourcecode.swift; path = UserViewModel.swift; sourceTree = "<group>"; };
		0F18C37C2A97ED3D005B281A /* UITextField + Extension.swift */ = {isa = PBXFileReference; lastKnownFileType = sourcecode.swift; path = "UITextField + Extension.swift"; sourceTree = "<group>"; };
		0F3064172AA1368200F05B0B /* Pacifico.ttf */ = {isa = PBXFileReference; lastKnownFileType = file; path = Pacifico.ttf; sourceTree = "<group>"; };
		0F30641B2AA13F4B00F05B0B /* RegisterViewDelegate.swift */ = {isa = PBXFileReference; lastKnownFileType = sourcecode.swift; path = RegisterViewDelegate.swift; sourceTree = "<group>"; };
		0F4D16462AA018590050F4F1 /* LoadingView.swift */ = {isa = PBXFileReference; lastKnownFileType = sourcecode.swift; path = LoadingView.swift; sourceTree = "<group>"; };
		0F4D16482AA018730050F4F1 /* LoadingViewController.swift */ = {isa = PBXFileReference; lastKnownFileType = sourcecode.swift; path = LoadingViewController.swift; sourceTree = "<group>"; };
		0F4D164D2AA01BFF0050F4F1 /* UIImage + Extension.swift */ = {isa = PBXFileReference; lastKnownFileType = sourcecode.swift; path = "UIImage + Extension.swift"; sourceTree = "<group>"; };
		0F4D16552AA024DF0050F4F1 /* SmartMoney.gif */ = {isa = PBXFileReference; lastKnownFileType = image.gif; path = SmartMoney.gif; sourceTree = "<group>"; };
		0F8CD2402A3F7391000B325E /* SmartMoney.app */ = {isa = PBXFileReference; explicitFileType = wrapper.application; includeInIndex = 0; path = SmartMoney.app; sourceTree = BUILT_PRODUCTS_DIR; };
		0F8CD2432A3F7391000B325E /* AppDelegate.swift */ = {isa = PBXFileReference; lastKnownFileType = sourcecode.swift; path = AppDelegate.swift; sourceTree = "<group>"; };
		0F8CD2452A3F7391000B325E /* SceneDelegate.swift */ = {isa = PBXFileReference; lastKnownFileType = sourcecode.swift; path = SceneDelegate.swift; sourceTree = "<group>"; };
		0F8CD24D2A3F7391000B325E /* SmartMoney.xcdatamodel */ = {isa = PBXFileReference; lastKnownFileType = wrapper.xcdatamodel; path = SmartMoney.xcdatamodel; sourceTree = "<group>"; };
		0F8CD24F2A3F7393000B325E /* Assets.xcassets */ = {isa = PBXFileReference; lastKnownFileType = folder.assetcatalog; path = Assets.xcassets; sourceTree = "<group>"; };
		0F8CD2542A3F7393000B325E /* Info.plist */ = {isa = PBXFileReference; lastKnownFileType = text.plist.xml; path = Info.plist; sourceTree = "<group>"; };
		0F8CD26E2A3F7F4F000B325E /* Coordinator.swift */ = {isa = PBXFileReference; lastKnownFileType = sourcecode.swift; path = Coordinator.swift; sourceTree = "<group>"; };
		0F8CD2712A3F7FAD000B325E /* LoginCoordinator.swift */ = {isa = PBXFileReference; lastKnownFileType = sourcecode.swift; path = LoginCoordinator.swift; sourceTree = "<group>"; };
		0F8CD2732A3F803F000B325E /* LoginViewController.swift */ = {isa = PBXFileReference; lastKnownFileType = sourcecode.swift; path = LoginViewController.swift; sourceTree = "<group>"; };
		0F8CD2752A3F806E000B325E /* LoginViewModel.swift */ = {isa = PBXFileReference; lastKnownFileType = sourcecode.swift; path = LoginViewModel.swift; sourceTree = "<group>"; };
		0F8CD2782A3F83E2000B325E /* UIColor + Extension.swift */ = {isa = PBXFileReference; lastKnownFileType = sourcecode.swift; path = "UIColor + Extension.swift"; sourceTree = "<group>"; };
		0F96372D2A43BB7D009B256A /* OpenSans_Condensed-Regular.ttf */ = {isa = PBXFileReference; lastKnownFileType = file; path = "OpenSans_Condensed-Regular.ttf"; sourceTree = "<group>"; };
		0F96372F2A43BB8A009B256A /* OpenSans_Condensed-SemiBold.ttf */ = {isa = PBXFileReference; lastKnownFileType = file; path = "OpenSans_Condensed-SemiBold.ttf"; sourceTree = "<group>"; };
		0F9637302A43BB8B009B256A /* OpenSans_SemiCondensed-Light.ttf */ = {isa = PBXFileReference; lastKnownFileType = file; path = "OpenSans_SemiCondensed-Light.ttf"; sourceTree = "<group>"; };
		0F9637312A43BB8B009B256A /* OpenSans_Condensed-Medium.ttf */ = {isa = PBXFileReference; lastKnownFileType = file; path = "OpenSans_Condensed-Medium.ttf"; sourceTree = "<group>"; };
		0F9637352A43BC0F009B256A /* UIFont + Extension.swift */ = {isa = PBXFileReference; lastKnownFileType = sourcecode.swift; path = "UIFont + Extension.swift"; sourceTree = "<group>"; };
		0FACA52B2AE9757600589041 /* EndPoint.swift */ = {isa = PBXFileReference; lastKnownFileType = sourcecode.swift; path = EndPoint.swift; sourceTree = "<group>"; };
		0FACA52E2AE97CE900589041 /* HomeService.swift */ = {isa = PBXFileReference; lastKnownFileType = sourcecode.swift; path = HomeService.swift; sourceTree = "<group>"; };
		0FACA5302AE97F9800589041 /* RequestBuilder.swift */ = {isa = PBXFileReference; lastKnownFileType = sourcecode.swift; path = RequestBuilder.swift; sourceTree = "<group>"; };
		0FAE6EE52AE9C81A0058D7EA /* DefaultRequestBuilder.swift */ = {isa = PBXFileReference; lastKnownFileType = sourcecode.swift; path = DefaultRequestBuilder.swift; sourceTree = "<group>"; };
		0FAE6EE72AE9D9B60058D7EA /* Parameters.swift */ = {isa = PBXFileReference; lastKnownFileType = sourcecode.swift; path = Parameters.swift; sourceTree = "<group>"; };
		0FAE6EE92AE9FA830058D7EA /* NetworkLogger.swift */ = {isa = PBXFileReference; lastKnownFileType = sourcecode.swift; path = NetworkLogger.swift; sourceTree = "<group>"; };
		0FB755E42ABB50FA00E4DF3E /* InsertExpenseView.swift */ = {isa = PBXFileReference; lastKnownFileType = sourcecode.swift; name = InsertExpenseView.swift; path = ../../../../../InsertExpenseView.swift; sourceTree = "<group>"; };
		0FB755E62ABB516700E4DF3E /* InsertExpenseViewController.swift */ = {isa = PBXFileReference; lastKnownFileType = sourcecode.swift; name = InsertExpenseViewController.swift; path = ../../../../../InsertExpenseViewController.swift; sourceTree = "<group>"; };
		0FBCEE052AE892CD0045F279 /* ServiceManager.swift */ = {isa = PBXFileReference; lastKnownFileType = sourcecode.swift; path = ServiceManager.swift; sourceTree = "<group>"; };
		0FBCEE072AE894730045F279 /* HTTPMethod.swift */ = {isa = PBXFileReference; lastKnownFileType = sourcecode.swift; path = HTTPMethod.swift; sourceTree = "<group>"; };
		0FBCEE092AE895120045F279 /* NetworkError.swift */ = {isa = PBXFileReference; lastKnownFileType = sourcecode.swift; path = NetworkError.swift; sourceTree = "<group>"; };
		0FBCEE0B2AE898800045F279 /* NetworkLayer.swift */ = {isa = PBXFileReference; lastKnownFileType = sourcecode.swift; path = NetworkLayer.swift; sourceTree = "<group>"; };
		0FBCEE0E2AE8A7400045F279 /* SaldoResponse.swift */ = {isa = PBXFileReference; lastKnownFileType = sourcecode.swift; path = SaldoResponse.swift; sourceTree = "<group>"; };
		0FBCEE102AE8A9640045F279 /* SaldoRequest.swift */ = {isa = PBXFileReference; lastKnownFileType = sourcecode.swift; path = SaldoRequest.swift; sourceTree = "<group>"; };
		0FDC92522A40ACAE000A4CF8 /* UserModel.swift */ = {isa = PBXFileReference; lastKnownFileType = sourcecode.swift; path = UserModel.swift; sourceTree = "<group>"; };
		0FDC92562A40B51C000A4CF8 /* HomeViewController.swift */ = {isa = PBXFileReference; lastKnownFileType = sourcecode.swift; path = HomeViewController.swift; sourceTree = "<group>"; };
		0FDC92582A40B538000A4CF8 /* HomeViewCoordinator.swift */ = {isa = PBXFileReference; lastKnownFileType = sourcecode.swift; path = HomeViewCoordinator.swift; sourceTree = "<group>"; };
		0FDC925A2A40B54A000A4CF8 /* HomeViewModel.swift */ = {isa = PBXFileReference; lastKnownFileType = sourcecode.swift; path = HomeViewModel.swift; sourceTree = "<group>"; };
		0FDC925C2A40B6A8000A4CF8 /* UIViewController + Extension.swift */ = {isa = PBXFileReference; lastKnownFileType = sourcecode.swift; path = "UIViewController + Extension.swift"; sourceTree = "<group>"; };
		0FDC925E2A40B74A000A4CF8 /* GoogleService-Info.plist */ = {isa = PBXFileReference; fileEncoding = 4; lastKnownFileType = text.plist.xml; path = "GoogleService-Info.plist"; sourceTree = "<group>"; };
		0FDC92612A40B8E9000A4CF8 /* RegisterCoordinator.swift */ = {isa = PBXFileReference; lastKnownFileType = sourcecode.swift; path = RegisterCoordinator.swift; sourceTree = "<group>"; };
		0FDC92632A40B8FC000A4CF8 /* RegisterViewController.swift */ = {isa = PBXFileReference; lastKnownFileType = sourcecode.swift; path = RegisterViewController.swift; sourceTree = "<group>"; };
		0FDC92652A40B90A000A4CF8 /* RegisterViewModel.swift */ = {isa = PBXFileReference; lastKnownFileType = sourcecode.swift; path = RegisterViewModel.swift; sourceTree = "<group>"; };
		1369BA2DA2B8C8CD838D0CC6 /* Pods-SmartMoney.release.xcconfig */ = {isa = PBXFileReference; includeInIndex = 1; lastKnownFileType = text.xcconfig; name = "Pods-SmartMoney.release.xcconfig"; path = "Target Support Files/Pods-SmartMoney/Pods-SmartMoney.release.xcconfig"; sourceTree = "<group>"; };
		61BED6BA372557F35B6C2A2E /* Pods_SmartMoney.framework */ = {isa = PBXFileReference; explicitFileType = wrapper.framework; includeInIndex = 0; path = Pods_SmartMoney.framework; sourceTree = BUILT_PRODUCTS_DIR; };
		CD46DDB443E6A2F56814BD42 /* Pods-SmartMoney.debug.xcconfig */ = {isa = PBXFileReference; includeInIndex = 1; lastKnownFileType = text.xcconfig; name = "Pods-SmartMoney.debug.xcconfig"; path = "Target Support Files/Pods-SmartMoney/Pods-SmartMoney.debug.xcconfig"; sourceTree = "<group>"; };
/* End PBXFileReference section */

/* Begin PBXFrameworksBuildPhase section */
		0F8CD23D2A3F7391000B325E /* Frameworks */ = {
			isa = PBXFrameworksBuildPhase;
			buildActionMask = 2147483647;
			files = (
				0B0C45F99DEF64E2F22156FD /* Pods_SmartMoney.framework in Frameworks */,
			);
			runOnlyForDeploymentPostprocessing = 0;
		};
/* End PBXFrameworksBuildPhase section */

/* Begin PBXGroup section */
		0F18C3792A97E765005B281A /* User */ = {
			isa = PBXGroup;
			children = (
				0F18C37A2A97E782005B281A /* UserViewModel.swift */,
			);
			path = User;
			sourceTree = "<group>";
		};
		0F4D16452AA0183E0050F4F1 /* Loading */ = {
			isa = PBXGroup;
			children = (
				0F4D16462AA018590050F4F1 /* LoadingView.swift */,
				0F4D16482AA018730050F4F1 /* LoadingViewController.swift */,
			);
			path = Loading;
			sourceTree = "<group>";
		};
		0F4D164A2AA01AD00050F4F1 /* Gifs */ = {
			isa = PBXGroup;
			children = (
				0F4D16552AA024DF0050F4F1 /* SmartMoney.gif */,
			);
			path = Gifs;
			sourceTree = "<group>";
		};
		0F8CD2372A3F7391000B325E = {
			isa = PBXGroup;
			children = (
				0F8EB15E2AE890C500C72648 /* Fonts */,
				0F4D164A2AA01AD00050F4F1 /* Gifs */,
				0F8CD2422A3F7391000B325E /* SmartMoney */,
				0F8CD2412A3F7391000B325E /* Products */,
				67CA4ACC9F1EF32BEE87D2E8 /* Pods */,
				805E5041E218A4AA5D7271AA /* Frameworks */,
			);
			sourceTree = "<group>";
		};
		0F8CD2412A3F7391000B325E /* Products */ = {
			isa = PBXGroup;
			children = (
				0F8CD2402A3F7391000B325E /* SmartMoney.app */,
			);
			name = Products;
			sourceTree = "<group>";
		};
		0F8CD2422A3F7391000B325E /* SmartMoney */ = {
			isa = PBXGroup;
			children = (
				0FBCEE0D2AE8A72D0045F279 /* Model */,
				0F8EB15F2AE891D200C72648 /* Service */,
				0FB755E32ABB50C100E4DF3E /* InsertExpense */,
				0F4D16452AA0183E0050F4F1 /* Loading */,
				0F18C3792A97E765005B281A /* User */,
				0FDC92602A40B8D0000A4CF8 /* Register */,
				0FDC925E2A40B74A000A4CF8 /* GoogleService-Info.plist */,
				0FDC92552A40B4C4000A4CF8 /* Home */,
				0F8CD2772A3F83C8000B325E /* Extensions */,
				0F8CD2702A3F7F78000B325E /* Login */,
				0F8CD26D2A3F7F35000B325E /* Coordinator */,
				0F8CD2432A3F7391000B325E /* AppDelegate.swift */,
				0F8CD2452A3F7391000B325E /* SceneDelegate.swift */,
				0F8CD24F2A3F7393000B325E /* Assets.xcassets */,
				0F8CD2542A3F7393000B325E /* Info.plist */,
				0F8CD24C2A3F7391000B325E /* SmartMoney.xcdatamodeld */,
			);
			path = SmartMoney;
			sourceTree = "<group>";
		};
		0F8CD26D2A3F7F35000B325E /* Coordinator */ = {
			isa = PBXGroup;
			children = (
				0F8CD26E2A3F7F4F000B325E /* Coordinator.swift */,
			);
			path = Coordinator;
			sourceTree = "<group>";
		};
		0F8CD2702A3F7F78000B325E /* Login */ = {
			isa = PBXGroup;
			children = (
				0F8CD2712A3F7FAD000B325E /* LoginCoordinator.swift */,
				0F8CD2732A3F803F000B325E /* LoginViewController.swift */,
				0F8CD2752A3F806E000B325E /* LoginViewModel.swift */,
				0FDC92522A40ACAE000A4CF8 /* UserModel.swift */,
			);
			path = Login;
			sourceTree = "<group>";
		};
		0F8CD2772A3F83C8000B325E /* Extensions */ = {
			isa = PBXGroup;
			children = (
				0F8CD2782A3F83E2000B325E /* UIColor + Extension.swift */,
				0FDC925C2A40B6A8000A4CF8 /* UIViewController + Extension.swift */,
				0F9637352A43BC0F009B256A /* UIFont + Extension.swift */,
				0F18C37C2A97ED3D005B281A /* UITextField + Extension.swift */,
				0F4D164D2AA01BFF0050F4F1 /* UIImage + Extension.swift */,
			);
			path = Extensions;
			sourceTree = "<group>";
		};
		0F8EB15E2AE890C500C72648 /* Fonts */ = {
			isa = PBXGroup;
			children = (
				0F9637312A43BB8B009B256A /* OpenSans_Condensed-Medium.ttf */,
				0F96372F2A43BB8A009B256A /* OpenSans_Condensed-SemiBold.ttf */,
				0F9637302A43BB8B009B256A /* OpenSans_SemiCondensed-Light.ttf */,
				0F96372D2A43BB7D009B256A /* OpenSans_Condensed-Regular.ttf */,
				0F3064172AA1368200F05B0B /* Pacifico.ttf */,
			);
			path = Fonts;
			sourceTree = "<group>";
		};
		0F8EB15F2AE891D200C72648 /* Service */ = {
			isa = PBXGroup;
			children = (
				0FBCEE052AE892CD0045F279 /* ServiceManager.swift */,
				0FBCEE072AE894730045F279 /* HTTPMethod.swift */,
				0FBCEE092AE895120045F279 /* NetworkError.swift */,
				0FBCEE0B2AE898800045F279 /* NetworkLayer.swift */,
				0FACA52B2AE9757600589041 /* EndPoint.swift */,
				0FACA5302AE97F9800589041 /* RequestBuilder.swift */,
				0FAE6EE52AE9C81A0058D7EA /* DefaultRequestBuilder.swift */,
				0FAE6EE72AE9D9B60058D7EA /* Parameters.swift */,
				0FAE6EE92AE9FA830058D7EA /* NetworkLogger.swift */,
			);
			path = Service;
			sourceTree = "<group>";
		};
		0FACA52D2AE97CD100589041 /* Service */ = {
			isa = PBXGroup;
			children = (
				0FACA52E2AE97CE900589041 /* HomeService.swift */,
			);
			path = Service;
			sourceTree = "<group>";
		};
		0FB755E32ABB50C100E4DF3E /* InsertExpense */ = {
			isa = PBXGroup;
			children = (
				0FB755E42ABB50FA00E4DF3E /* InsertExpenseView.swift */,
				0FB755E62ABB516700E4DF3E /* InsertExpenseViewController.swift */,
			);
			path = InsertExpense;
			sourceTree = "<group>";
		};
		0FBCEE0D2AE8A72D0045F279 /* Model */ = {
			isa = PBXGroup;
			children = (
				0FBCEE0E2AE8A7400045F279 /* SaldoResponse.swift */,
				0FBCEE102AE8A9640045F279 /* SaldoRequest.swift */,
			);
			path = Model;
			sourceTree = "<group>";
		};
		0FDC92552A40B4C4000A4CF8 /* Home */ = {
			isa = PBXGroup;
			children = (
				0FACA52D2AE97CD100589041 /* Service */,
				0FDC92562A40B51C000A4CF8 /* HomeViewController.swift */,
				0FDC92582A40B538000A4CF8 /* HomeViewCoordinator.swift */,
				0FDC925A2A40B54A000A4CF8 /* HomeViewModel.swift */,
			);
			path = Home;
			sourceTree = "<group>";
		};
		0FDC92602A40B8D0000A4CF8 /* Register */ = {
			isa = PBXGroup;
			children = (
				0FDC92612A40B8E9000A4CF8 /* RegisterCoordinator.swift */,
				0FDC92632A40B8FC000A4CF8 /* RegisterViewController.swift */,
				0FDC92652A40B90A000A4CF8 /* RegisterViewModel.swift */,
				0F30641B2AA13F4B00F05B0B /* RegisterViewDelegate.swift */,
			);
			path = Register;
			sourceTree = "<group>";
		};
		67CA4ACC9F1EF32BEE87D2E8 /* Pods */ = {
			isa = PBXGroup;
			children = (
				CD46DDB443E6A2F56814BD42 /* Pods-SmartMoney.debug.xcconfig */,
				1369BA2DA2B8C8CD838D0CC6 /* Pods-SmartMoney.release.xcconfig */,
			);
			path = Pods;
			sourceTree = "<group>";
		};
		805E5041E218A4AA5D7271AA /* Frameworks */ = {
			isa = PBXGroup;
			children = (
				61BED6BA372557F35B6C2A2E /* Pods_SmartMoney.framework */,
			);
			name = Frameworks;
			sourceTree = "<group>";
		};
/* End PBXGroup section */

/* Begin PBXNativeTarget section */
		0F8CD23F2A3F7391000B325E /* SmartMoney */ = {
			isa = PBXNativeTarget;
			buildConfigurationList = 0F8CD2572A3F7393000B325E /* Build configuration list for PBXNativeTarget "SmartMoney" */;
			buildPhases = (
				2215AEDBADF481E3CCE63DD3 /* [CP] Check Pods Manifest.lock */,
				0F8CD23C2A3F7391000B325E /* Sources */,
				0F8CD23D2A3F7391000B325E /* Frameworks */,
				0F8CD23E2A3F7391000B325E /* Resources */,
				55E4C423085DB7B1685F080C /* [CP] Embed Pods Frameworks */,
			);
			buildRules = (
			);
			dependencies = (
			);
			name = SmartMoney;
			productName = SmartMoney;
			productReference = 0F8CD2402A3F7391000B325E /* SmartMoney.app */;
			productType = "com.apple.product-type.application";
		};
/* End PBXNativeTarget section */

/* Begin PBXProject section */
		0F8CD2382A3F7391000B325E /* Project object */ = {
			isa = PBXProject;
			attributes = {
				BuildIndependentTargetsInParallel = 1;
				LastSwiftUpdateCheck = 1430;
				LastUpgradeCheck = 1430;
				TargetAttributes = {
					0F8CD23F2A3F7391000B325E = {
						CreatedOnToolsVersion = 14.3.1;
					};
				};
			};
			buildConfigurationList = 0F8CD23B2A3F7391000B325E /* Build configuration list for PBXProject "SmartMoney" */;
			compatibilityVersion = "Xcode 14.0";
			developmentRegion = en;
			hasScannedForEncodings = 0;
			knownRegions = (
				en,
				Base,
			);
			mainGroup = 0F8CD2372A3F7391000B325E;
			productRefGroup = 0F8CD2412A3F7391000B325E /* Products */;
			projectDirPath = "";
			projectRoot = "";
			targets = (
				0F8CD23F2A3F7391000B325E /* SmartMoney */,
			);
		};
/* End PBXProject section */

/* Begin PBXResourcesBuildPhase section */
		0F8CD23E2A3F7391000B325E /* Resources */ = {
			isa = PBXResourcesBuildPhase;
			buildActionMask = 2147483647;
			files = (
				0F9637332A43BB8B009B256A /* OpenSans_SemiCondensed-Light.ttf in Resources */,
				0F4D16562AA024DF0050F4F1 /* SmartMoney.gif in Resources */,
				0F9637342A43BB8B009B256A /* OpenSans_Condensed-Medium.ttf in Resources */,
				0F8CD2502A3F7393000B325E /* Assets.xcassets in Resources */,
				0F9637322A43BB8B009B256A /* OpenSans_Condensed-SemiBold.ttf in Resources */,
				0F96372E2A43BB7D009B256A /* OpenSans_Condensed-Regular.ttf in Resources */,
				0F3064182AA1368200F05B0B /* Pacifico.ttf in Resources */,
				0FDC925F2A40B74A000A4CF8 /* GoogleService-Info.plist in Resources */,
			);
			runOnlyForDeploymentPostprocessing = 0;
		};
/* End PBXResourcesBuildPhase section */

/* Begin PBXShellScriptBuildPhase section */
		2215AEDBADF481E3CCE63DD3 /* [CP] Check Pods Manifest.lock */ = {
			isa = PBXShellScriptBuildPhase;
			buildActionMask = 2147483647;
			files = (
			);
			inputFileListPaths = (
			);
			inputPaths = (
				"${PODS_PODFILE_DIR_PATH}/Podfile.lock",
				"${PODS_ROOT}/Manifest.lock",
			);
			name = "[CP] Check Pods Manifest.lock";
			outputFileListPaths = (
			);
			outputPaths = (
				"$(DERIVED_FILE_DIR)/Pods-SmartMoney-checkManifestLockResult.txt",
			);
			runOnlyForDeploymentPostprocessing = 0;
			shellPath = /bin/sh;
			shellScript = "diff \"${PODS_PODFILE_DIR_PATH}/Podfile.lock\" \"${PODS_ROOT}/Manifest.lock\" > /dev/null\nif [ $? != 0 ] ; then\n    # print error to STDERR\n    echo \"error: The sandbox is not in sync with the Podfile.lock. Run 'pod install' or update your CocoaPods installation.\" >&2\n    exit 1\nfi\n# This output is used by Xcode 'outputs' to avoid re-running this script phase.\necho \"SUCCESS\" > \"${SCRIPT_OUTPUT_FILE_0}\"\n";
			showEnvVarsInLog = 0;
		};
		55E4C423085DB7B1685F080C /* [CP] Embed Pods Frameworks */ = {
			isa = PBXShellScriptBuildPhase;
			buildActionMask = 2147483647;
			files = (
			);
			inputFileListPaths = (
				"${PODS_ROOT}/Target Support Files/Pods-SmartMoney/Pods-SmartMoney-frameworks-${CONFIGURATION}-input-files.xcfilelist",
			);
			name = "[CP] Embed Pods Frameworks";
			outputFileListPaths = (
				"${PODS_ROOT}/Target Support Files/Pods-SmartMoney/Pods-SmartMoney-frameworks-${CONFIGURATION}-output-files.xcfilelist",
			);
			runOnlyForDeploymentPostprocessing = 0;
			shellPath = /bin/sh;
			shellScript = "\"${PODS_ROOT}/Target Support Files/Pods-SmartMoney/Pods-SmartMoney-frameworks.sh\"\n";
			showEnvVarsInLog = 0;
		};
/* End PBXShellScriptBuildPhase section */

/* Begin PBXSourcesBuildPhase section */
		0F8CD23C2A3F7391000B325E /* Sources */ = {
			isa = PBXSourcesBuildPhase;
			buildActionMask = 2147483647;
			files = (
				0F30641C2AA13F4B00F05B0B /* RegisterViewDelegate.swift in Sources */,
				0FDC92592A40B538000A4CF8 /* HomeViewCoordinator.swift in Sources */,
				0FBCEE112AE8A9640045F279 /* SaldoRequest.swift in Sources */,
				0F9637362A43BC0F009B256A /* UIFont + Extension.swift in Sources */,
				0F8CD2792A3F83E2000B325E /* UIColor + Extension.swift in Sources */,
				0F8CD2742A3F803F000B325E /* LoginViewController.swift in Sources */,
				0F8CD2722A3F7FAD000B325E /* LoginCoordinator.swift in Sources */,
				0F8CD2442A3F7391000B325E /* AppDelegate.swift in Sources */,
				0F8CD2762A3F806E000B325E /* LoginViewModel.swift in Sources */,
				0F18C37B2A97E782005B281A /* UserViewModel.swift in Sources */,
				0FAE6EE62AE9C81A0058D7EA /* DefaultRequestBuilder.swift in Sources */,
				0FACA52C2AE9757600589041 /* EndPoint.swift in Sources */,
				0FBCEE0A2AE895120045F279 /* NetworkError.swift in Sources */,
				0FBCEE0F2AE8A7400045F279 /* SaldoResponse.swift in Sources */,
				0F8CD26F2A3F7F4F000B325E /* Coordinator.swift in Sources */,
				0F18C37D2A97ED3D005B281A /* UITextField + Extension.swift in Sources */,
				0FDC925B2A40B54A000A4CF8 /* HomeViewModel.swift in Sources */,
				0FDC92662A40B90A000A4CF8 /* RegisterViewModel.swift in Sources */,
				0FDC92572A40B51C000A4CF8 /* HomeViewController.swift in Sources */,
				0F4D16472AA018590050F4F1 /* LoadingView.swift in Sources */,
				0F4D16492AA018730050F4F1 /* LoadingViewController.swift in Sources */,
				0FBCEE082AE894730045F279 /* HTTPMethod.swift in Sources */,
				0FDC925D2A40B6A8000A4CF8 /* UIViewController + Extension.swift in Sources */,
				0FB755E52ABB50FA00E4DF3E /* InsertExpenseView.swift in Sources */,
				0FBCEE062AE892CD0045F279 /* ServiceManager.swift in Sources */,
				0FDC92642A40B8FC000A4CF8 /* RegisterViewController.swift in Sources */,
				0FBCEE0C2AE898800045F279 /* NetworkLayer.swift in Sources */,
				0F8CD24E2A3F7391000B325E /* SmartMoney.xcdatamodeld in Sources */,
				0FDC92532A40ACAE000A4CF8 /* UserModel.swift in Sources */,
				0F4D164E2AA01BFF0050F4F1 /* UIImage + Extension.swift in Sources */,
				0F8CD2462A3F7391000B325E /* SceneDelegate.swift in Sources */,
				0FACA52F2AE97CE900589041 /* HomeService.swift in Sources */,
				0FDC92622A40B8E9000A4CF8 /* RegisterCoordinator.swift in Sources */,
				0FAE6EEA2AE9FA830058D7EA /* NetworkLogger.swift in Sources */,
				0FB755E72ABB516700E4DF3E /* InsertExpenseViewController.swift in Sources */,
				0FACA5312AE97F9800589041 /* RequestBuilder.swift in Sources */,
				0FAE6EE82AE9D9B60058D7EA /* Parameters.swift in Sources */,
			);
			runOnlyForDeploymentPostprocessing = 0;
		};
/* End PBXSourcesBuildPhase section */

/* Begin XCBuildConfiguration section */
		0F8CD2552A3F7393000B325E /* Debug */ = {
			isa = XCBuildConfiguration;
			buildSettings = {
				ALWAYS_SEARCH_USER_PATHS = NO;
				CLANG_ANALYZER_NONNULL = YES;
				CLANG_ANALYZER_NUMBER_OBJECT_CONVERSION = YES_AGGRESSIVE;
				CLANG_CXX_LANGUAGE_STANDARD = "gnu++20";
				CLANG_ENABLE_MODULES = YES;
				CLANG_ENABLE_OBJC_ARC = YES;
				CLANG_ENABLE_OBJC_WEAK = YES;
				CLANG_WARN_BLOCK_CAPTURE_AUTORELEASING = YES;
				CLANG_WARN_BOOL_CONVERSION = YES;
				CLANG_WARN_COMMA = YES;
				CLANG_WARN_CONSTANT_CONVERSION = YES;
				CLANG_WARN_DEPRECATED_OBJC_IMPLEMENTATIONS = YES;
				CLANG_WARN_DIRECT_OBJC_ISA_USAGE = YES_ERROR;
				CLANG_WARN_DOCUMENTATION_COMMENTS = YES;
				CLANG_WARN_EMPTY_BODY = YES;
				CLANG_WARN_ENUM_CONVERSION = YES;
				CLANG_WARN_INFINITE_RECURSION = YES;
				CLANG_WARN_INT_CONVERSION = YES;
				CLANG_WARN_NON_LITERAL_NULL_CONVERSION = YES;
				CLANG_WARN_OBJC_IMPLICIT_RETAIN_SELF = YES;
				CLANG_WARN_OBJC_LITERAL_CONVERSION = YES;
				CLANG_WARN_OBJC_ROOT_CLASS = YES_ERROR;
				CLANG_WARN_QUOTED_INCLUDE_IN_FRAMEWORK_HEADER = YES;
				CLANG_WARN_RANGE_LOOP_ANALYSIS = YES;
				CLANG_WARN_STRICT_PROTOTYPES = YES;
				CLANG_WARN_SUSPICIOUS_MOVE = YES;
				CLANG_WARN_UNGUARDED_AVAILABILITY = YES_AGGRESSIVE;
				CLANG_WARN_UNREACHABLE_CODE = YES;
				CLANG_WARN__DUPLICATE_METHOD_MATCH = YES;
				COPY_PHASE_STRIP = NO;
				DEBUG_INFORMATION_FORMAT = dwarf;
				ENABLE_STRICT_OBJC_MSGSEND = YES;
				ENABLE_TESTABILITY = YES;
				GCC_C_LANGUAGE_STANDARD = gnu11;
				GCC_DYNAMIC_NO_PIC = NO;
				GCC_NO_COMMON_BLOCKS = YES;
				GCC_OPTIMIZATION_LEVEL = 0;
				GCC_PREPROCESSOR_DEFINITIONS = (
					"DEBUG=1",
					"$(inherited)",
				);
				GCC_WARN_64_TO_32_BIT_CONVERSION = YES;
				GCC_WARN_ABOUT_RETURN_TYPE = YES_ERROR;
				GCC_WARN_UNDECLARED_SELECTOR = YES;
				GCC_WARN_UNINITIALIZED_AUTOS = YES_AGGRESSIVE;
				GCC_WARN_UNUSED_FUNCTION = YES;
				GCC_WARN_UNUSED_VARIABLE = YES;
				IPHONEOS_DEPLOYMENT_TARGET = 16.4;
				MTL_ENABLE_DEBUG_INFO = INCLUDE_SOURCE;
				MTL_FAST_MATH = YES;
				ONLY_ACTIVE_ARCH = YES;
				SDKROOT = iphoneos;
				SWIFT_ACTIVE_COMPILATION_CONDITIONS = DEBUG;
				SWIFT_OPTIMIZATION_LEVEL = "-Onone";
			};
			name = Debug;
		};
		0F8CD2562A3F7393000B325E /* Release */ = {
			isa = XCBuildConfiguration;
			buildSettings = {
				ALWAYS_SEARCH_USER_PATHS = NO;
				CLANG_ANALYZER_NONNULL = YES;
				CLANG_ANALYZER_NUMBER_OBJECT_CONVERSION = YES_AGGRESSIVE;
				CLANG_CXX_LANGUAGE_STANDARD = "gnu++20";
				CLANG_ENABLE_MODULES = YES;
				CLANG_ENABLE_OBJC_ARC = YES;
				CLANG_ENABLE_OBJC_WEAK = YES;
				CLANG_WARN_BLOCK_CAPTURE_AUTORELEASING = YES;
				CLANG_WARN_BOOL_CONVERSION = YES;
				CLANG_WARN_COMMA = YES;
				CLANG_WARN_CONSTANT_CONVERSION = YES;
				CLANG_WARN_DEPRECATED_OBJC_IMPLEMENTATIONS = YES;
				CLANG_WARN_DIRECT_OBJC_ISA_USAGE = YES_ERROR;
				CLANG_WARN_DOCUMENTATION_COMMENTS = YES;
				CLANG_WARN_EMPTY_BODY = YES;
				CLANG_WARN_ENUM_CONVERSION = YES;
				CLANG_WARN_INFINITE_RECURSION = YES;
				CLANG_WARN_INT_CONVERSION = YES;
				CLANG_WARN_NON_LITERAL_NULL_CONVERSION = YES;
				CLANG_WARN_OBJC_IMPLICIT_RETAIN_SELF = YES;
				CLANG_WARN_OBJC_LITERAL_CONVERSION = YES;
				CLANG_WARN_OBJC_ROOT_CLASS = YES_ERROR;
				CLANG_WARN_QUOTED_INCLUDE_IN_FRAMEWORK_HEADER = YES;
				CLANG_WARN_RANGE_LOOP_ANALYSIS = YES;
				CLANG_WARN_STRICT_PROTOTYPES = YES;
				CLANG_WARN_SUSPICIOUS_MOVE = YES;
				CLANG_WARN_UNGUARDED_AVAILABILITY = YES_AGGRESSIVE;
				CLANG_WARN_UNREACHABLE_CODE = YES;
				CLANG_WARN__DUPLICATE_METHOD_MATCH = YES;
				COPY_PHASE_STRIP = NO;
				DEBUG_INFORMATION_FORMAT = "dwarf-with-dsym";
				ENABLE_NS_ASSERTIONS = NO;
				ENABLE_STRICT_OBJC_MSGSEND = YES;
				GCC_C_LANGUAGE_STANDARD = gnu11;
				GCC_NO_COMMON_BLOCKS = YES;
				GCC_WARN_64_TO_32_BIT_CONVERSION = YES;
				GCC_WARN_ABOUT_RETURN_TYPE = YES_ERROR;
				GCC_WARN_UNDECLARED_SELECTOR = YES;
				GCC_WARN_UNINITIALIZED_AUTOS = YES_AGGRESSIVE;
				GCC_WARN_UNUSED_FUNCTION = YES;
				GCC_WARN_UNUSED_VARIABLE = YES;
				IPHONEOS_DEPLOYMENT_TARGET = 16.4;
				MTL_ENABLE_DEBUG_INFO = NO;
				MTL_FAST_MATH = YES;
				SDKROOT = iphoneos;
				SWIFT_COMPILATION_MODE = wholemodule;
				SWIFT_OPTIMIZATION_LEVEL = "-O";
				VALIDATE_PRODUCT = YES;
			};
			name = Release;
		};
		0F8CD2582A3F7393000B325E /* Debug */ = {
			isa = XCBuildConfiguration;
			baseConfigurationReference = CD46DDB443E6A2F56814BD42 /* Pods-SmartMoney.debug.xcconfig */;
			buildSettings = {
				ASSETCATALOG_COMPILER_APPICON_NAME = AppIcon;
				ASSETCATALOG_COMPILER_GLOBAL_ACCENT_COLOR_NAME = AccentColor;
				CODE_SIGN_STYLE = Automatic;
				CURRENT_PROJECT_VERSION = 1;
				DEVELOPMENT_TEAM = T8JT9MAB28;
				GENERATE_INFOPLIST_FILE = YES;
				INFOPLIST_FILE = SmartMoney/Info.plist;
				INFOPLIST_KEY_UIApplicationSupportsIndirectInputEvents = YES;
				INFOPLIST_KEY_UILaunchStoryboardName = LaunchScreen;
				INFOPLIST_KEY_UIMainStoryboardFile = "";
				INFOPLIST_KEY_UISupportedInterfaceOrientations_iPad = "UIInterfaceOrientationPortrait UIInterfaceOrientationPortraitUpsideDown UIInterfaceOrientationLandscapeLeft UIInterfaceOrientationLandscapeRight";
				INFOPLIST_KEY_UISupportedInterfaceOrientations_iPhone = "UIInterfaceOrientationPortrait UIInterfaceOrientationLandscapeLeft UIInterfaceOrientationLandscapeRight";
				LD_RUNPATH_SEARCH_PATHS = (
					"$(inherited)",
					"@executable_path/Frameworks",
				);
				MARKETING_VERSION = 1.0;
				PRODUCT_BUNDLE_IDENTIFIER = devItalo.SmartMoney;
				PRODUCT_NAME = "$(TARGET_NAME)";
				SWIFT_EMIT_LOC_STRINGS = YES;
				SWIFT_VERSION = 5.0;
				TARGETED_DEVICE_FAMILY = "1,2";
			};
			name = Debug;
		};
		0F8CD2592A3F7393000B325E /* Release */ = {
			isa = XCBuildConfiguration;
			baseConfigurationReference = 1369BA2DA2B8C8CD838D0CC6 /* Pods-SmartMoney.release.xcconfig */;
			buildSettings = {
				ASSETCATALOG_COMPILER_APPICON_NAME = AppIcon;
				ASSETCATALOG_COMPILER_GLOBAL_ACCENT_COLOR_NAME = AccentColor;
				CODE_SIGN_STYLE = Automatic;
				CURRENT_PROJECT_VERSION = 1;
				DEVELOPMENT_TEAM = T8JT9MAB28;
				GENERATE_INFOPLIST_FILE = YES;
				INFOPLIST_FILE = SmartMoney/Info.plist;
				INFOPLIST_KEY_UIApplicationSupportsIndirectInputEvents = YES;
				INFOPLIST_KEY_UILaunchStoryboardName = LaunchScreen;
				INFOPLIST_KEY_UIMainStoryboardFile = "";
				INFOPLIST_KEY_UISupportedInterfaceOrientations_iPad = "UIInterfaceOrientationPortrait UIInterfaceOrientationPortraitUpsideDown UIInterfaceOrientationLandscapeLeft UIInterfaceOrientationLandscapeRight";
				INFOPLIST_KEY_UISupportedInterfaceOrientations_iPhone = "UIInterfaceOrientationPortrait UIInterfaceOrientationLandscapeLeft UIInterfaceOrientationLandscapeRight";
				LD_RUNPATH_SEARCH_PATHS = (
					"$(inherited)",
					"@executable_path/Frameworks",
				);
				MARKETING_VERSION = 1.0;
				PRODUCT_BUNDLE_IDENTIFIER = devItalo.SmartMoney;
				PRODUCT_NAME = "$(TARGET_NAME)";
				SWIFT_EMIT_LOC_STRINGS = YES;
				SWIFT_VERSION = 5.0;
				TARGETED_DEVICE_FAMILY = "1,2";
			};
			name = Release;
		};
/* End XCBuildConfiguration section */

/* Begin XCConfigurationList section */
		0F8CD23B2A3F7391000B325E /* Build configuration list for PBXProject "SmartMoney" */ = {
			isa = XCConfigurationList;
			buildConfigurations = (
				0F8CD2552A3F7393000B325E /* Debug */,
				0F8CD2562A3F7393000B325E /* Release */,
			);
			defaultConfigurationIsVisible = 0;
			defaultConfigurationName = Release;
		};
		0F8CD2572A3F7393000B325E /* Build configuration list for PBXNativeTarget "SmartMoney" */ = {
			isa = XCConfigurationList;
			buildConfigurations = (
				0F8CD2582A3F7393000B325E /* Debug */,
				0F8CD2592A3F7393000B325E /* Release */,
			);
			defaultConfigurationIsVisible = 0;
			defaultConfigurationName = Release;
		};
/* End XCConfigurationList section */

/* Begin XCVersionGroup section */
		0F8CD24C2A3F7391000B325E /* SmartMoney.xcdatamodeld */ = {
			isa = XCVersionGroup;
			children = (
				0F8CD24D2A3F7391000B325E /* SmartMoney.xcdatamodel */,
			);
			currentVersion = 0F8CD24D2A3F7391000B325E /* SmartMoney.xcdatamodel */;
			path = SmartMoney.xcdatamodeld;
			sourceTree = "<group>";
			versionGroupType = wrapper.xcdatamodel;
		};
/* End XCVersionGroup section */
	};
	rootObject = 0F8CD2382A3F7391000B325E /* Project object */;
}
